// !$*UTF8*$!
{
	archiveVersion = 1;
	classes = {
	};
	objectVersion = 46;
	objects = {

/* Begin PBXBuildFile section */
		D70641BD1CBD2CA4008718F8 /* main.m in Sources */ = {isa = PBXBuildFile; fileRef = D70641BC1CBD2CA4008718F8 /* main.m */; };
		D70641C51CBD354E008718F8 /* APYoutubeVideoObject.m in Sources */ = {isa = PBXBuildFile; fileRef = D70641C41CBD354E008718F8 /* APYoutubeVideoObject.m */; };
		D70641C81CBD3998008718F8 /* RDFTrippleManager.m in Sources */ = {isa = PBXBuildFile; fileRef = D70641C71CBD3998008718F8 /* RDFTrippleManager.m */; };
		D72686AC1CBFC85F0009B986 /* NSString+FilteredString.m in Sources */ = {isa = PBXBuildFile; fileRef = D72686AB1CBFC85F0009B986 /* NSString+FilteredString.m */; };
/* End PBXBuildFile section */

/* Begin PBXCopyFilesBuildPhase section */
		D70641B71CBD2CA4008718F8 /* CopyFiles */ = {
			isa = PBXCopyFilesBuildPhase;
			buildActionMask = 2147483647;
			dstPath = /usr/share/man/man1/;
			dstSubfolderSpec = 0;
			files = (
			);
			runOnlyForDeploymentPostprocessing = 1;
		};
/* End PBXCopyFilesBuildPhase section */

/* Begin PBXFileReference section */
		D70641B91CBD2CA4008718F8 /* TrippleCreator */ = {isa = PBXFileReference; explicitFileType = "compiled.mach-o.executable"; includeInIndex = 0; path = TrippleCreator; sourceTree = BUILT_PRODUCTS_DIR; };
		D70641BC1CBD2CA4008718F8 /* main.m */ = {isa = PBXFileReference; lastKnownFileType = sourcecode.c.objc; path = main.m; sourceTree = "<group>"; };
		D70641C31CBD354E008718F8 /* APYoutubeVideoObject.h */ = {isa = PBXFileReference; fileEncoding = 4; lastKnownFileType = sourcecode.c.h; path = APYoutubeVideoObject.h; sourceTree = "<group>"; };
		D70641C41CBD354E008718F8 /* APYoutubeVideoObject.m */ = {isa = PBXFileReference; fileEncoding = 4; lastKnownFileType = sourcecode.c.objc; path = APYoutubeVideoObject.m; sourceTree = "<group>"; };
		D70641C61CBD3998008718F8 /* RDFTrippleManager.h */ = {isa = PBXFileReference; fileEncoding = 4; lastKnownFileType = sourcecode.c.h; path = RDFTrippleManager.h; sourceTree = "<group>"; };
		D70641C71CBD3998008718F8 /* RDFTrippleManager.m */ = {isa = PBXFileReference; fileEncoding = 4; lastKnownFileType = sourcecode.c.objc; path = RDFTrippleManager.m; sourceTree = "<group>"; };
		D72686AA1CBFC85F0009B986 /* NSString+FilteredString.h */ = {isa = PBXFileReference; fileEncoding = 4; lastKnownFileType = sourcecode.c.h; path = "NSString+FilteredString.h"; sourceTree = "<group>"; };
		D72686AB1CBFC85F0009B986 /* NSString+FilteredString.m */ = {isa = PBXFileReference; fileEncoding = 4; lastKnownFileType = sourcecode.c.objc; path = "NSString+FilteredString.m"; sourceTree = "<group>"; };
/* End PBXFileReference section */

/* Begin PBXFrameworksBuildPhase section */
		D70641B61CBD2CA4008718F8 /* Frameworks */ = {
			isa = PBXFrameworksBuildPhase;
			buildActionMask = 2147483647;
			files = (
			);
			runOnlyForDeploymentPostprocessing = 0;
		};
/* End PBXFrameworksBuildPhase section */

/* Begin PBXGroup section */
		D70641B01CBD2CA4008718F8 = {
			isa = PBXGroup;
			children = (
				D70641BB1CBD2CA4008718F8 /* TrippleCreator */,
				D70641BA1CBD2CA4008718F8 /* Products */,
			);
			sourceTree = "<group>";
		};
		D70641BA1CBD2CA4008718F8 /* Products */ = {
			isa = PBXGroup;
			children = (
				D70641B91CBD2CA4008718F8 /* TrippleCreator */,
			);
			name = Products;
			sourceTree = "<group>";
		};
		D70641BB1CBD2CA4008718F8 /* TrippleCreator */ = {
			isa = PBXGroup;
			children = (
				D72686AA1CBFC85F0009B986 /* NSString+FilteredString.h */,
				D72686AB1CBFC85F0009B986 /* NSString+FilteredString.m */,
				D70641C31CBD354E008718F8 /* APYoutubeVideoObject.h */,
				D70641C41CBD354E008718F8 /* APYoutubeVideoObject.m */,
				D70641C61CBD3998008718F8 /* RDFTrippleManager.h */,
				D70641C71CBD3998008718F8 /* RDFTrippleManager.m */,
				D70641BC1CBD2CA4008718F8 /* main.m */,
			);
			path = TrippleCreator;
			sourceTree = "<group>";
		};
/* End PBXGroup section */

/* Begin PBXNativeTarget section */
		D70641B81CBD2CA4008718F8 /* TrippleCreator */ = {
			isa = PBXNativeTarget;
			buildConfigurationList = D70641C01CBD2CA4008718F8 /* Build configuration list for PBXNativeTarget "TrippleCreator" */;
			buildPhases = (
				D70641B51CBD2CA4008718F8 /* Sources */,
				D70641B61CBD2CA4008718F8 /* Frameworks */,
				D70641B71CBD2CA4008718F8 /* CopyFiles */,
			);
			buildRules = (
			);
			dependencies = (
			);
			name = TrippleCreator;
			productName = TrippleCreator;
			productReference = D70641B91CBD2CA4008718F8 /* TrippleCreator */;
			productType = "com.apple.product-type.tool";
		};
/* End PBXNativeTarget section */

/* Begin PBXProject section */
		D70641B11CBD2CA4008718F8 /* Project object */ = {
			isa = PBXProject;
			attributes = {
				LastUpgradeCheck = 0730;
				ORGANIZATIONNAME = "University of Crete";
				TargetAttributes = {
					D70641B81CBD2CA4008718F8 = {
						CreatedOnToolsVersion = 7.3;
					};
				};
			};
			buildConfigurationList = D70641B41CBD2CA4008718F8 /* Build configuration list for PBXProject "TrippleCreator" */;
			compatibilityVersion = "Xcode 3.2";
			developmentRegion = English;
			hasScannedForEncodings = 0;
			knownRegions = (
				en,
			);
			mainGroup = D70641B01CBD2CA4008718F8;
			productRefGroup = D70641BA1CBD2CA4008718F8 /* Products */;
			projectDirPath = "";
			projectRoot = "";
			targets = (
				D70641B81CBD2CA4008718F8 /* TrippleCreator */,
			);
		};
/* End PBXProject section */

/* Begin PBXSourcesBuildPhase section */
		D70641B51CBD2CA4008718F8 /* Sources */ = {
			isa = PBXSourcesBuildPhase;
			buildActionMask = 2147483647;
			files = (
				D70641C81CBD3998008718F8 /* RDFTrippleManager.m in Sources */,
				D72686AC1CBFC85F0009B986 /* NSString+FilteredString.m in Sources */,
				D70641BD1CBD2CA4008718F8 /* main.m in Sources */,
				D70641C51CBD354E008718F8 /* APYoutubeVideoObject.m in Sources */,
			);
			runOnlyForDeploymentPostprocessing = 0;
		};
/* End PBXSourcesBuildPhase section */

/* Begin XCBuildConfiguration section */
		D70641BE1CBD2CA4008718F8 /* Debug */ = {
			isa = XCBuildConfiguration;
			buildSettings = {
				ALWAYS_SEARCH_USER_PATHS = NO;
				CLANG_ANALYZER_NONNULL = YES;
				CLANG_CXX_LANGUAGE_STANDARD = "gnu++0x";
				CLANG_CXX_LIBRARY = "libc++";
				CLANG_ENABLE_MODULES = YES;
				CLANG_ENABLE_OBJC_ARC = YES;
				CLANG_WARN_BOOL_CONVERSION = YES;
				CLANG_WARN_CONSTANT_CONVERSION = YES;
				CLANG_WARN_DIRECT_OBJC_ISA_USAGE = YES_ERROR;
				CLANG_WARN_EMPTY_BODY = YES;
				CLANG_WARN_ENUM_CONVERSION = YES;
				CLANG_WARN_INT_CONVERSION = YES;
				CLANG_WARN_OBJC_ROOT_CLASS = YES_ERROR;
				CLANG_WARN_UNREACHABLE_CODE = YES;
				CLANG_WARN__DUPLICATE_METHOD_MATCH = YES;
				CODE_SIGN_IDENTITY = "-";
				COPY_PHASE_STRIP = NO;
				DEBUG_INFORMATION_FORMAT = dwarf;
				ENABLE_STRICT_OBJC_MSGSEND = YES;
				ENABLE_TESTABILITY = YES;
				GCC_C_LANGUAGE_STANDARD = gnu99;
				GCC_DYNAMIC_NO_PIC = NO;
				GCC_NO_COMMON_BLOCKS = YES;
				GCC_OPTIMIZATION_LEVEL = 0;
				GCC_PREPROCESSOR_DEFINITIONS = (
					"DEBUG=1",
					"$(inherited)",
				);
				GCC_WARN_64_TO_32_BIT_CONVERSION = YES;
				GCC_WARN_ABOUT_RETURN_TYPE = YES_ERROR;
				GCC_WARN_UNDECLARED_SELECTOR = YES;
				GCC_WARN_UNINITIALIZED_AUTOS = YES_AGGRESSIVE;
				GCC_WARN_UNUSED_FUNCTION = YES;
				GCC_WARN_UNUSED_VARIABLE = YES;
				MACOSX_DEPLOYMENT_TARGET = 10.11;
				MTL_ENABLE_DEBUG_INFO = YES;
				ONLY_ACTIVE_ARCH = YES;
				SDKROOT = macosx;
			};
			name = Debug;
		};
		D70641BF1CBD2CA4008718F8 /* Release */ = {
			isa = XCBuildConfiguration;
			buildSettings = {
				ALWAYS_SEARCH_USER_PATHS = NO;
				CLANG_ANALYZER_NONNULL = YES;
				CLANG_CXX_LANGUAGE_STANDARD = "gnu++0x";
				CLANG_CXX_LIBRARY = "libc++";
				CLANG_ENABLE_MODULES = YES;
				CLANG_ENABLE_OBJC_ARC = YES;
				CLANG_WARN_BOOL_CONVERSION = YES;
				CLANG_WARN_CONSTANT_CONVERSION = YES;
				CLANG_WARN_DIRECT_OBJC_ISA_USAGE = YES_ERROR;
				CLANG_WARN_EMPTY_BODY = YES;
				CLANG_WARN_ENUM_CONVERSION = YES;
				CLANG_WARN_INT_CONVERSION = YES;
				CLANG_WARN_OBJC_ROOT_CLASS = YES_ERROR;
				CLANG_WARN_UNREACHABLE_CODE = YES;
				CLANG_WARN__DUPLICATE_METHOD_MATCH = YES;
				CODE_SIGN_IDENTITY = "-";
				COPY_PHASE_STRIP = NO;
				DEBUG_INFORMATION_FORMAT = "dwarf-with-dsym";
				ENABLE_NS_ASSERTIONS = NO;
				ENABLE_STRICT_OBJC_MSGSEND = YES;
				GCC_C_LANGUAGE_STANDARD = gnu99;
				GCC_NO_COMMON_BLOCKS = YES;
				GCC_WARN_64_TO_32_BIT_CONVERSION = YES;
				GCC_WARN_ABOUT_RETURN_TYPE = YES_ERROR;
				GCC_WARN_UNDECLARED_SELECTOR = YES;
				GCC_WARN_UNINITIALIZED_AUTOS = YES_AGGRESSIVE;
				GCC_WARN_UNUSED_FUNCTION = YES;
				GCC_WARN_UNUSED_VARIABLE = YES;
				MACOSX_DEPLOYMENT_TARGET = 10.11;
				MTL_ENABLE_DEBUG_INFO = NO;
				SDKROOT = macosx;
			};
			name = Release;
		};
		D70641C11CBD2CA4008718F8 /* Debug */ = {
			isa = XCBuildConfiguration;
			buildSettings = {
				PRODUCT_NAME = "$(TARGET_NAME)";
			};
			name = Debug;
		};
		D70641C21CBD2CA4008718F8 /* Release */ = {
			isa = XCBuildConfiguration;
			buildSettings = {
				PRODUCT_NAME = "$(TARGET_NAME)";
			};
			name = Release;
		};
/* End XCBuildConfiguration section */

/* Begin XCConfigurationList section */
		D70641B41CBD2CA4008718F8 /* Build configuration list for PBXProject "TrippleCreator" */ = {
			isa = XCConfigurationList;
			buildConfigurations = (
				D70641BE1CBD2CA4008718F8 /* Debug */,
				D70641BF1CBD2CA4008718F8 /* Release */,
			);
			defaultConfigurationIsVisible = 0;
			defaultConfigurationName = Release;
		};
		D70641C01CBD2CA4008718F8 /* Build configuration list for PBXNativeTarget "TrippleCreator" */ = {
			isa = XCConfigurationList;
			buildConfigurations = (
				D70641C11CBD2CA4008718F8 /* Debug */,
				D70641C21CBD2CA4008718F8 /* Release */,
			);
			defaultConfigurationIsVisible = 0;
			defaultConfigurationName = Release;
		};
/* End XCConfigurationList section */
	};
	rootObject = D70641B11CBD2CA4008718F8 /* Project object */;
}
